
Microsoft Visual Studio Solution File, Format Version 12.00
# Visual Studio 15
VisualStudioVersion = 15.0.27428.2037
MinimumVisualStudioVersion = 10.0.40219.1
Project("{FAE04EC0-301F-11D3-BF4B-00C04F79EFBC}") = "AdoExample", "AdoExample\AdoExample.csproj", "{DD6FD8C2-2297-4C4F-B9EE-7EDFA54E0470}"
EndProject
Global
	GlobalSection(SolutionConfigurationPlatforms) = preSolution
		Debug|Any CPU = Debug|Any CPU
		Release|Any CPU = Release|Any CPU
	EndGlobalSection
	GlobalSection(ProjectConfigurationPlatforms) = postSolution
		{DD6FD8C2-2297-4C4F-B9EE-7EDFA54E0470}.Debug|Any CPU.ActiveCfg = Debug|Any CPU
		{DD6FD8C2-2297-4C4F-B9EE-7EDFA54E0470}.Debug|Any CPU.Build.0 = Debug|Any CPU
		{DD6FD8C2-2297-4C4F-B9EE-7EDFA54E0470}.Release|Any CPU.ActiveCfg = Release|Any CPU
		{DD6FD8C2-2297-4C4F-B9EE-7EDFA54E0470}.Release|Any CPU.Build.0 = Release|Any CPU
	EndGlobalSection
	GlobalSection(SolutionProperties) = preSolution
		HideSolutionNode = FALSE
	EndGlobalSection
	GlobalSection(ExtensibilityGlobals) = postSolution
		SolutionGuid = {D595B5CF-72F6-4716-A2CB-134F4EABA7C7}
	EndGlobalSection
EndGlobal
