
Microsoft Visual Studio Solution File, Format Version 12.00
# Visual Studio 15
VisualStudioVersion = 15.0.27428.2037
MinimumVisualStudioVersion = 10.0.40219.1
Project("{FAE04EC0-301F-11D3-BF4B-00C04F79EFBC}") = "BillsPaymentSystem.App", "BillsPaymentSystem.App\BillsPaymentSystem.App.csproj", "{114995DC-BAA2-4323-9586-67DE26ED6075}"
EndProject
Project("{FAE04EC0-301F-11D3-BF4B-00C04F79EFBC}") = "BillsSystem.Models", "BillsSystem.Models\BillsSystem.Models.csproj", "{61D2B345-A00B-4493-8EE8-9EEEACBD241F}"
EndProject
Project("{FAE04EC0-301F-11D3-BF4B-00C04F79EFBC}") = "BillsPaymentSystem.Data", "BillsPaymentSystem.Data\BillsPaymentSystem.Data.csproj", "{EC698AE8-FCBF-4F8F-BF13-625D120632B5}"
EndProject
Global
	GlobalSection(SolutionConfigurationPlatforms) = preSolution
		Debug|Any CPU = Debug|Any CPU
		Release|Any CPU = Release|Any CPU
	EndGlobalSection
	GlobalSection(ProjectConfigurationPlatforms) = postSolution
		{114995DC-BAA2-4323-9586-67DE26ED6075}.Debug|Any CPU.ActiveCfg = Debug|Any CPU
		{114995DC-BAA2-4323-9586-67DE26ED6075}.Debug|Any CPU.Build.0 = Debug|Any CPU
		{114995DC-BAA2-4323-9586-67DE26ED6075}.Release|Any CPU.ActiveCfg = Release|Any CPU
		{114995DC-BAA2-4323-9586-67DE26ED6075}.Release|Any CPU.Build.0 = Release|Any CPU
		{61D2B345-A00B-4493-8EE8-9EEEACBD241F}.Debug|Any CPU.ActiveCfg = Debug|Any CPU
		{61D2B345-A00B-4493-8EE8-9EEEACBD241F}.Debug|Any CPU.Build.0 = Debug|Any CPU
		{61D2B345-A00B-4493-8EE8-9EEEACBD241F}.Release|Any CPU.ActiveCfg = Release|Any CPU
		{61D2B345-A00B-4493-8EE8-9EEEACBD241F}.Release|Any CPU.Build.0 = Release|Any CPU
		{EC698AE8-FCBF-4F8F-BF13-625D120632B5}.Debug|Any CPU.ActiveCfg = Debug|Any CPU
		{EC698AE8-FCBF-4F8F-BF13-625D120632B5}.Debug|Any CPU.Build.0 = Debug|Any CPU
		{EC698AE8-FCBF-4F8F-BF13-625D120632B5}.Release|Any CPU.ActiveCfg = Release|Any CPU
		{EC698AE8-FCBF-4F8F-BF13-625D120632B5}.Release|Any CPU.Build.0 = Release|Any CPU
	EndGlobalSection
	GlobalSection(SolutionProperties) = preSolution
		HideSolutionNode = FALSE
	EndGlobalSection
	GlobalSection(ExtensibilityGlobals) = postSolution
		SolutionGuid = {2A3A3261-E31F-41FF-BA37-E78B6ACB2832}
	EndGlobalSection
EndGlobal
